
Microsoft Visual Studio Solution File, Format Version 12.00
# Visual Studio Version 17
VisualStudioVersion = 17.14.36310.24
MinimumVisualStudioVersion = 10.0.40219.1
Project("{FAE04EC0-301F-11D3-BF4B-00C04F79EFBC}") = "MarketInventory.API", "MarketInventoryAPI\MarketInventory.API.csproj", "{711D7B5E-F79F-46F5-926A-D90E186AA0D6}"
EndProject
Project("{FAE04EC0-301F-11D3-BF4B-00C04F79EFBC}") = "MarketInventory.Domain", "MarketInventory.Domain\MarketInventory.Domain.csproj", "{AAE67707-207E-4B57-BD34-48DBAB183406}"
EndProject
Project("{FAE04EC0-301F-11D3-BF4B-00C04F79EFBC}") = "MarketInventory.Infrastructure", "MarketInventory.Infrastructure\MarketInventory.Infrastructure.csproj", "{A7B0AA2A-3174-4AFB-9290-1671DEAED11D}"
EndProject
Project("{FAE04EC0-301F-11D3-BF4B-00C04F79EFBC}") = "MarketInventory.Application", "MarketInventory.Application\MarketInventory.Application.csproj", "{5716D598-025C-422E-8B8C-DFBECFAD752B}"
EndProject
Project("{FAE04EC0-301F-11D3-BF4B-00C04F79EFBC}") = "MarketInventory.Application.UnitTests", "MarketInventory.Application.UnitTests\MarketInventory.Application.UnitTests.csproj", "{4C9694C1-C96A-4C8D-BB2D-E5DB373691D1}"
EndProject
Global
	GlobalSection(SolutionConfigurationPlatforms) = preSolution
		Debug|Any CPU = Debug|Any CPU
		Release|Any CPU = Release|Any CPU
	EndGlobalSection
	GlobalSection(ProjectConfigurationPlatforms) = postSolution
		{711D7B5E-F79F-46F5-926A-D90E186AA0D6}.Debug|Any CPU.ActiveCfg = Debug|Any CPU
		{711D7B5E-F79F-46F5-926A-D90E186AA0D6}.Debug|Any CPU.Build.0 = Debug|Any CPU
		{711D7B5E-F79F-46F5-926A-D90E186AA0D6}.Release|Any CPU.ActiveCfg = Release|Any CPU
		{711D7B5E-F79F-46F5-926A-D90E186AA0D6}.Release|Any CPU.Build.0 = Release|Any CPU
		{AAE67707-207E-4B57-BD34-48DBAB183406}.Debug|Any CPU.ActiveCfg = Debug|Any CPU
		{AAE67707-207E-4B57-BD34-48DBAB183406}.Debug|Any CPU.Build.0 = Debug|Any CPU
		{AAE67707-207E-4B57-BD34-48DBAB183406}.Release|Any CPU.ActiveCfg = Release|Any CPU
		{AAE67707-207E-4B57-BD34-48DBAB183406}.Release|Any CPU.Build.0 = Release|Any CPU
		{A7B0AA2A-3174-4AFB-9290-1671DEAED11D}.Debug|Any CPU.ActiveCfg = Debug|Any CPU
		{A7B0AA2A-3174-4AFB-9290-1671DEAED11D}.Debug|Any CPU.Build.0 = Debug|Any CPU
		{A7B0AA2A-3174-4AFB-9290-1671DEAED11D}.Release|Any CPU.ActiveCfg = Release|Any CPU
		{A7B0AA2A-3174-4AFB-9290-1671DEAED11D}.Release|Any CPU.Build.0 = Release|Any CPU
		{5716D598-025C-422E-8B8C-DFBECFAD752B}.Debug|Any CPU.ActiveCfg = Debug|Any CPU
		{5716D598-025C-422E-8B8C-DFBECFAD752B}.Debug|Any CPU.Build.0 = Debug|Any CPU
		{5716D598-025C-422E-8B8C-DFBECFAD752B}.Release|Any CPU.ActiveCfg = Release|Any CPU
		{5716D598-025C-422E-8B8C-DFBECFAD752B}.Release|Any CPU.Build.0 = Release|Any CPU
		{4C9694C1-C96A-4C8D-BB2D-E5DB373691D1}.Debug|Any CPU.ActiveCfg = Debug|Any CPU
		{4C9694C1-C96A-4C8D-BB2D-E5DB373691D1}.Debug|Any CPU.Build.0 = Debug|Any CPU
		{4C9694C1-C96A-4C8D-BB2D-E5DB373691D1}.Release|Any CPU.ActiveCfg = Release|Any CPU
		{4C9694C1-C96A-4C8D-BB2D-E5DB373691D1}.Release|Any CPU.Build.0 = Release|Any CPU
	EndGlobalSection
	GlobalSection(SolutionProperties) = preSolution
		HideSolutionNode = FALSE
	EndGlobalSection
	GlobalSection(ExtensibilityGlobals) = postSolution
		SolutionGuid = {E48EC1CB-A26F-431E-B0CB-24319A042E3F}
	EndGlobalSection
EndGlobal
